
Microsoft Visual Studio Solution File, Format Version 12.00
# Visual Studio 15
VisualStudioVersion = 15.0.26124.0
MinimumVisualStudioVersion = 15.0.26124.0
Project("{FAE04EC0-301F-11D3-BF4B-00C04F79EFBC}") = "Claytondus.ShippyPro", "src\Claytondus.ShippyPro\Claytondus.ShippyPro.csproj", "{EA53CE89-BE55-42CE-AD13-7C640C959D29}"
EndProject
Project("{FAE04EC0-301F-11D3-BF4B-00C04F79EFBC}") = "Claytondus.ShippyPro.Test", "test\Claytondus.ShippyPro.Test\Claytondus.ShippyPro.Test.csproj", "{BE8AA219-6676-44D4-86FC-84CF4341E5EA}"
EndProject
Global
	GlobalSection(SolutionConfigurationPlatforms) = preSolution
		Debug|Any CPU = Debug|Any CPU
		Debug|x64 = Debug|x64
		Debug|x86 = Debug|x86
		Release|Any CPU = Release|Any CPU
		Release|x64 = Release|x64
		Release|x86 = Release|x86
	EndGlobalSection
	GlobalSection(SolutionProperties) = preSolution
		HideSolutionNode = FALSE
	EndGlobalSection
	GlobalSection(ProjectConfigurationPlatforms) = postSolution
		{EA53CE89-BE55-42CE-AD13-7C640C959D29}.Debug|Any CPU.ActiveCfg = Debug|Any CPU
		{EA53CE89-BE55-42CE-AD13-7C640C959D29}.Debug|Any CPU.Build.0 = Debug|Any CPU
		{EA53CE89-BE55-42CE-AD13-7C640C959D29}.Debug|x64.ActiveCfg = Debug|Any CPU
		{EA53CE89-BE55-42CE-AD13-7C640C959D29}.Debug|x64.Build.0 = Debug|Any CPU
		{EA53CE89-BE55-42CE-AD13-7C640C959D29}.Debug|x86.ActiveCfg = Debug|Any CPU
		{EA53CE89-BE55-42CE-AD13-7C640C959D29}.Debug|x86.Build.0 = Debug|Any CPU
		{EA53CE89-BE55-42CE-AD13-7C640C959D29}.Release|Any CPU.ActiveCfg = Release|Any CPU
		{EA53CE89-BE55-42CE-AD13-7C640C959D29}.Release|Any CPU.Build.0 = Release|Any CPU
		{EA53CE89-BE55-42CE-AD13-7C640C959D29}.Release|x64.ActiveCfg = Release|Any CPU
		{EA53CE89-BE55-42CE-AD13-7C640C959D29}.Release|x64.Build.0 = Release|Any CPU
		{EA53CE89-BE55-42CE-AD13-7C640C959D29}.Release|x86.ActiveCfg = Release|Any CPU
		{EA53CE89-BE55-42CE-AD13-7C640C959D29}.Release|x86.Build.0 = Release|Any CPU
		{BE8AA219-6676-44D4-86FC-84CF4341E5EA}.Debug|Any CPU.ActiveCfg = Debug|Any CPU
		{BE8AA219-6676-44D4-86FC-84CF4341E5EA}.Debug|Any CPU.Build.0 = Debug|Any CPU
		{BE8AA219-6676-44D4-86FC-84CF4341E5EA}.Debug|x64.ActiveCfg = Debug|Any CPU
		{BE8AA219-6676-44D4-86FC-84CF4341E5EA}.Debug|x64.Build.0 = Debug|Any CPU
		{BE8AA219-6676-44D4-86FC-84CF4341E5EA}.Debug|x86.ActiveCfg = Debug|Any CPU
		{BE8AA219-6676-44D4-86FC-84CF4341E5EA}.Debug|x86.Build.0 = Debug|Any CPU
		{BE8AA219-6676-44D4-86FC-84CF4341E5EA}.Release|Any CPU.ActiveCfg = Release|Any CPU
		{BE8AA219-6676-44D4-86FC-84CF4341E5EA}.Release|Any CPU.Build.0 = Release|Any CPU
		{BE8AA219-6676-44D4-86FC-84CF4341E5EA}.Release|x64.ActiveCfg = Release|Any CPU
		{BE8AA219-6676-44D4-86FC-84CF4341E5EA}.Release|x64.Build.0 = Release|Any CPU
		{BE8AA219-6676-44D4-86FC-84CF4341E5EA}.Release|x86.ActiveCfg = Release|Any CPU
		{BE8AA219-6676-44D4-86FC-84CF4341E5EA}.Release|x86.Build.0 = Release|Any CPU
	EndGlobalSection
EndGlobal
